// !$*UTF8*$!
{
	archiveVersion = 1;
	classes = {
	};
	objectVersion = 56;
	objects = {

/* Begin PBXBuildFile section */
		1981739A295ED4D2005BB5DF /* AppDelegate.swift in Sources */ = {isa = PBXBuildFile; fileRef = 19817399295ED4D2005BB5DF /* AppDelegate.swift */; };
		1981739C295ED4D2005BB5DF /* SceneDelegate.swift in Sources */ = {isa = PBXBuildFile; fileRef = 1981739B295ED4D2005BB5DF /* SceneDelegate.swift */; };
		1981739E295ED4D2005BB5DF /* ViewController.swift in Sources */ = {isa = PBXBuildFile; fileRef = 1981739D295ED4D2005BB5DF /* ViewController.swift */; };
		198173A1295ED4D2005BB5DF /* Main.storyboard in Resources */ = {isa = PBXBuildFile; fileRef = 1981739F295ED4D2005BB5DF /* Main.storyboard */; };
		198173A3295ED4D6005BB5DF /* Assets.xcassets in Resources */ = {isa = PBXBuildFile; fileRef = 198173A2295ED4D6005BB5DF /* Assets.xcassets */; };
		198173A6295ED4D6005BB5DF /* LaunchScreen.storyboard in Resources */ = {isa = PBXBuildFile; fileRef = 198173A4295ED4D6005BB5DF /* LaunchScreen.storyboard */; };
		198173B1295ED4D6005BB5DF /* iOSStoryboardsAndUIElementsTests.swift in Sources */ = {isa = PBXBuildFile; fileRef = 198173B0295ED4D6005BB5DF /* iOSStoryboardsAndUIElementsTests.swift */; };
		198173BB295ED4D7005BB5DF /* iOSStoryboardsAndUIElementsUITests.swift in Sources */ = {isa = PBXBuildFile; fileRef = 198173BA295ED4D7005BB5DF /* iOSStoryboardsAndUIElementsUITests.swift */; };
		198173BD295ED4D7005BB5DF /* iOSStoryboardsAndUIElementsUITestsLaunchTests.swift in Sources */ = {isa = PBXBuildFile; fileRef = 198173BC295ED4D7005BB5DF /* iOSStoryboardsAndUIElementsUITestsLaunchTests.swift */; };
/* End PBXBuildFile section */

/* Begin PBXContainerItemProxy section */
		198173AD295ED4D6005BB5DF /* PBXContainerItemProxy */ = {
			isa = PBXContainerItemProxy;
			containerPortal = 1981738E295ED4D2005BB5DF /* Project object */;
			proxyType = 1;
			remoteGlobalIDString = 19817395295ED4D2005BB5DF;
			remoteInfo = iOSStoryboardsAndUIElements;
		};
		198173B7295ED4D7005BB5DF /* PBXContainerItemProxy */ = {
			isa = PBXContainerItemProxy;
			containerPortal = 1981738E295ED4D2005BB5DF /* Project object */;
			proxyType = 1;
			remoteGlobalIDString = 19817395295ED4D2005BB5DF;
			remoteInfo = iOSStoryboardsAndUIElements;
		};
/* End PBXContainerItemProxy section */

/* Begin PBXFileReference section */
		19817396295ED4D2005BB5DF /* iOSStoryboardsAndUIElements.app */ = {isa = PBXFileReference; explicitFileType = wrapper.application; includeInIndex = 0; path = iOSStoryboardsAndUIElements.app; sourceTree = BUILT_PRODUCTS_DIR; };
		19817399295ED4D2005BB5DF /* AppDelegate.swift */ = {isa = PBXFileReference; lastKnownFileType = sourcecode.swift; path = AppDelegate.swift; sourceTree = "<group>"; };
		1981739B295ED4D2005BB5DF /* SceneDelegate.swift */ = {isa = PBXFileReference; lastKnownFileType = sourcecode.swift; path = SceneDelegate.swift; sourceTree = "<group>"; };
		1981739D295ED4D2005BB5DF /* ViewController.swift */ = {isa = PBXFileReference; lastKnownFileType = sourcecode.swift; path = ViewController.swift; sourceTree = "<group>"; };
		198173A0295ED4D2005BB5DF /* Base */ = {isa = PBXFileReference; lastKnownFileType = file.storyboard; name = Base; path = Base.lproj/Main.storyboard; sourceTree = "<group>"; };
		198173A2295ED4D6005BB5DF /* Assets.xcassets */ = {isa = PBXFileReference; lastKnownFileType = folder.assetcatalog; path = Assets.xcassets; sourceTree = "<group>"; };
		198173A5295ED4D6005BB5DF /* Base */ = {isa = PBXFileReference; lastKnownFileType = file.storyboard; name = Base; path = Base.lproj/LaunchScreen.storyboard; sourceTree = "<group>"; };
		198173A7295ED4D6005BB5DF /* Info.plist */ = {isa = PBXFileReference; lastKnownFileType = text.plist.xml; path = Info.plist; sourceTree = "<group>"; };
		198173AC295ED4D6005BB5DF /* iOSStoryboardsAndUIElementsTests.xctest */ = {isa = PBXFileReference; explicitFileType = wrapper.cfbundle; includeInIndex = 0; path = iOSStoryboardsAndUIElementsTests.xctest; sourceTree = BUILT_PRODUCTS_DIR; };
		198173B0295ED4D6005BB5DF /* iOSStoryboardsAndUIElementsTests.swift */ = {isa = PBXFileReference; lastKnownFileType = sourcecode.swift; path = iOSStoryboardsAndUIElementsTests.swift; sourceTree = "<group>"; };
		198173B6295ED4D7005BB5DF /* iOSStoryboardsAndUIElementsUITests.xctest */ = {isa = PBXFileReference; explicitFileType = wrapper.cfbundle; includeInIndex = 0; path = iOSStoryboardsAndUIElementsUITests.xctest; sourceTree = BUILT_PRODUCTS_DIR; };
		198173BA295ED4D7005BB5DF /* iOSStoryboardsAndUIElementsUITests.swift */ = {isa = PBXFileReference; lastKnownFileType = sourcecode.swift; path = iOSStoryboardsAndUIElementsUITests.swift; sourceTree = "<group>"; };
		198173BC295ED4D7005BB5DF /* iOSStoryboardsAndUIElementsUITestsLaunchTests.swift */ = {isa = PBXFileReference; lastKnownFileType = sourcecode.swift; path = iOSStoryboardsAndUIElementsUITestsLaunchTests.swift; sourceTree = "<group>"; };
/* End PBXFileReference section */

/* Begin PBXFrameworksBuildPhase section */
		19817393295ED4D2005BB5DF /* Frameworks */ = {
			isa = PBXFrameworksBuildPhase;
			buildActionMask = 2147483647;
			files = (
			);
			runOnlyForDeploymentPostprocessing = 0;
		};
		198173A9295ED4D6005BB5DF /* Frameworks */ = {
			isa = PBXFrameworksBuildPhase;
			buildActionMask = 2147483647;
			files = (
			);
			runOnlyForDeploymentPostprocessing = 0;
		};
		198173B3295ED4D6005BB5DF /* Frameworks */ = {
			isa = PBXFrameworksBuildPhase;
			buildActionMask = 2147483647;
			files = (
			);
			runOnlyForDeploymentPostprocessing = 0;
		};
/* End PBXFrameworksBuildPhase section */

/* Begin PBXGroup section */
		1981738D295ED4D2005BB5DF = {
			isa = PBXGroup;
			children = (
				19817398295ED4D2005BB5DF /* iOSStoryboardsAndUIElements */,
				198173AF295ED4D6005BB5DF /* iOSStoryboardsAndUIElementsTests */,
				198173B9295ED4D7005BB5DF /* iOSStoryboardsAndUIElementsUITests */,
				19817397295ED4D2005BB5DF /* Products */,
			);
			sourceTree = "<group>";
		};
		19817397295ED4D2005BB5DF /* Products */ = {
			isa = PBXGroup;
			children = (
				19817396295ED4D2005BB5DF /* iOSStoryboardsAndUIElements.app */,
				198173AC295ED4D6005BB5DF /* iOSStoryboardsAndUIElementsTests.xctest */,
				198173B6295ED4D7005BB5DF /* iOSStoryboardsAndUIElementsUITests.xctest */,
			);
			name = Products;
			sourceTree = "<group>";
		};
		19817398295ED4D2005BB5DF /* iOSStoryboardsAndUIElements */ = {
			isa = PBXGroup;
			children = (
				198173A2295ED4D6005BB5DF /* Assets.xcassets */,
				198173A7295ED4D6005BB5DF /* Info.plist */,
				19817399295ED4D2005BB5DF /* AppDelegate.swift */,
				1981739B295ED4D2005BB5DF /* SceneDelegate.swift */,
				1981739D295ED4D2005BB5DF /* ViewController.swift */,
				1981739F295ED4D2005BB5DF /* Main.storyboard */,
				198173A4295ED4D6005BB5DF /* LaunchScreen.storyboard */,
			);
			path = iOSStoryboardsAndUIElements;
			sourceTree = "<group>";
		};
		198173AF295ED4D6005BB5DF /* iOSStoryboardsAndUIElementsTests */ = {
			isa = PBXGroup;
			children = (
				198173B0295ED4D6005BB5DF /* iOSStoryboardsAndUIElementsTests.swift */,
			);
			path = iOSStoryboardsAndUIElementsTests;
			sourceTree = "<group>";
		};
		198173B9295ED4D7005BB5DF /* iOSStoryboardsAndUIElementsUITests */ = {
			isa = PBXGroup;
			children = (
				198173BA295ED4D7005BB5DF /* iOSStoryboardsAndUIElementsUITests.swift */,
				198173BC295ED4D7005BB5DF /* iOSStoryboardsAndUIElementsUITestsLaunchTests.swift */,
			);
			path = iOSStoryboardsAndUIElementsUITests;
			sourceTree = "<group>";
		};
/* End PBXGroup section */

/* Begin PBXNativeTarget section */
		19817395295ED4D2005BB5DF /* iOSStoryboardsAndUIElements */ = {
			isa = PBXNativeTarget;
			buildConfigurationList = 198173C0295ED4D7005BB5DF /* Build configuration list for PBXNativeTarget "iOSStoryboardsAndUIElements" */;
			buildPhases = (
				19817392295ED4D2005BB5DF /* Sources */,
				19817393295ED4D2005BB5DF /* Frameworks */,
				19817394295ED4D2005BB5DF /* Resources */,
			);
			buildRules = (
			);
			dependencies = (
			);
			name = iOSStoryboardsAndUIElements;
			productName = iOSStoryboardsAndUIElements;
			productReference = 19817396295ED4D2005BB5DF /* iOSStoryboardsAndUIElements.app */;
			productType = "com.apple.product-type.application";
		};
		198173AB295ED4D6005BB5DF /* iOSStoryboardsAndUIElementsTests */ = {
			isa = PBXNativeTarget;
			buildConfigurationList = 198173C3295ED4D7005BB5DF /* Build configuration list for PBXNativeTarget "iOSStoryboardsAndUIElementsTests" */;
			buildPhases = (
				198173A8295ED4D6005BB5DF /* Sources */,
				198173A9295ED4D6005BB5DF /* Frameworks */,
				198173AA295ED4D6005BB5DF /* Resources */,
			);
			buildRules = (
			);
			dependencies = (
				198173AE295ED4D6005BB5DF /* PBXTargetDependency */,
			);
			name = iOSStoryboardsAndUIElementsTests;
			productName = iOSStoryboardsAndUIElementsTests;
			productReference = 198173AC295ED4D6005BB5DF /* iOSStoryboardsAndUIElementsTests.xctest */;
			productType = "com.apple.product-type.bundle.unit-test";
		};
		198173B5295ED4D6005BB5DF /* iOSStoryboardsAndUIElementsUITests */ = {
			isa = PBXNativeTarget;
			buildConfigurationList = 198173C6295ED4D7005BB5DF /* Build configuration list for PBXNativeTarget "iOSStoryboardsAndUIElementsUITests" */;
			buildPhases = (
				198173B2295ED4D6005BB5DF /* Sources */,
				198173B3295ED4D6005BB5DF /* Frameworks */,
				198173B4295ED4D6005BB5DF /* Resources */,
			);
			buildRules = (
			);
			dependencies = (
				198173B8295ED4D7005BB5DF /* PBXTargetDependency */,
			);
			name = iOSStoryboardsAndUIElementsUITests;
			productName = iOSStoryboardsAndUIElementsUITests;
			productReference = 198173B6295ED4D7005BB5DF /* iOSStoryboardsAndUIElementsUITests.xctest */;
			productType = "com.apple.product-type.bundle.ui-testing";
		};
/* End PBXNativeTarget section */

/* Begin PBXProject section */
		1981738E295ED4D2005BB5DF /* Project object */ = {
			isa = PBXProject;
			attributes = {
				BuildIndependentTargetsInParallel = 1;
				LastSwiftUpdateCheck = 1420;
				LastUpgradeCheck = 1420;
				TargetAttributes = {
					19817395295ED4D2005BB5DF = {
						CreatedOnToolsVersion = 14.2;
					};
					198173AB295ED4D6005BB5DF = {
						CreatedOnToolsVersion = 14.2;
						TestTargetID = 19817395295ED4D2005BB5DF;
					};
					198173B5295ED4D6005BB5DF = {
						CreatedOnToolsVersion = 14.2;
						TestTargetID = 19817395295ED4D2005BB5DF;
					};
				};
			};
			buildConfigurationList = 19817391295ED4D2005BB5DF /* Build configuration list for PBXProject "iOSStoryboardsAndUIElements" */;
			compatibilityVersion = "Xcode 14.0";
			developmentRegion = en;
			hasScannedForEncodings = 0;
			knownRegions = (
				en,
				Base,
			);
			mainGroup = 1981738D295ED4D2005BB5DF;
			productRefGroup = 19817397295ED4D2005BB5DF /* Products */;
			projectDirPath = "";
			projectRoot = "";
			targets = (
				19817395295ED4D2005BB5DF /* iOSStoryboardsAndUIElements */,
				198173AB295ED4D6005BB5DF /* iOSStoryboardsAndUIElementsTests */,
				198173B5295ED4D6005BB5DF /* iOSStoryboardsAndUIElementsUITests */,
			);
		};
/* End PBXProject section */

/* Begin PBXResourcesBuildPhase section */
		19817394295ED4D2005BB5DF /* Resources */ = {
			isa = PBXResourcesBuildPhase;
			buildActionMask = 2147483647;
			files = (
				198173A6295ED4D6005BB5DF /* LaunchScreen.storyboard in Resources */,
				198173A3295ED4D6005BB5DF /* Assets.xcassets in Resources */,
				198173A1295ED4D2005BB5DF /* Main.storyboard in Resources */,
			);
			runOnlyForDeploymentPostprocessing = 0;
		};
		198173AA295ED4D6005BB5DF /* Resources */ = {
			isa = PBXResourcesBuildPhase;
			buildActionMask = 2147483647;
			files = (
			);
			runOnlyForDeploymentPostprocessing = 0;
		};
		198173B4295ED4D6005BB5DF /* Resources */ = {
			isa = PBXResourcesBuildPhase;
			buildActionMask = 2147483647;
			files = (
			);
			runOnlyForDeploymentPostprocessing = 0;
		};
/* End PBXResourcesBuildPhase section */

/* Begin PBXSourcesBuildPhase section */
		19817392295ED4D2005BB5DF /* Sources */ = {
			isa = PBXSourcesBuildPhase;
			buildActionMask = 2147483647;
			files = (
				1981739E295ED4D2005BB5DF /* ViewController.swift in Sources */,
				1981739A295ED4D2005BB5DF /* AppDelegate.swift in Sources */,
				1981739C295ED4D2005BB5DF /* SceneDelegate.swift in Sources */,
			);
			runOnlyForDeploymentPostprocessing = 0;
		};
		198173A8295ED4D6005BB5DF /* Sources */ = {
			isa = PBXSourcesBuildPhase;
			buildActionMask = 2147483647;
			files = (
				198173B1295ED4D6005BB5DF /* iOSStoryboardsAndUIElementsTests.swift in Sources */,
			);
			runOnlyForDeploymentPostprocessing = 0;
		};
		198173B2295ED4D6005BB5DF /* Sources */ = {
			isa = PBXSourcesBuildPhase;
			buildActionMask = 2147483647;
			files = (
				198173BD295ED4D7005BB5DF /* iOSStoryboardsAndUIElementsUITestsLaunchTests.swift in Sources */,
				198173BB295ED4D7005BB5DF /* iOSStoryboardsAndUIElementsUITests.swift in Sources */,
			);
			runOnlyForDeploymentPostprocessing = 0;
		};
/* End PBXSourcesBuildPhase section */

/* Begin PBXTargetDependency section */
		198173AE295ED4D6005BB5DF /* PBXTargetDependency */ = {
			isa = PBXTargetDependency;
			target = 19817395295ED4D2005BB5DF /* iOSStoryboardsAndUIElements */;
			targetProxy = 198173AD295ED4D6005BB5DF /* PBXContainerItemProxy */;
		};
		198173B8295ED4D7005BB5DF /* PBXTargetDependency */ = {
			isa = PBXTargetDependency;
			target = 19817395295ED4D2005BB5DF /* iOSStoryboardsAndUIElements */;
			targetProxy = 198173B7295ED4D7005BB5DF /* PBXContainerItemProxy */;
		};
/* End PBXTargetDependency section */

/* Begin PBXVariantGroup section */
		1981739F295ED4D2005BB5DF /* Main.storyboard */ = {
			isa = PBXVariantGroup;
			children = (
				198173A0295ED4D2005BB5DF /* Base */,
			);
			name = Main.storyboard;
			sourceTree = "<group>";
		};
		198173A4295ED4D6005BB5DF /* LaunchScreen.storyboard */ = {
			isa = PBXVariantGroup;
			children = (
				198173A5295ED4D6005BB5DF /* Base */,
			);
			name = LaunchScreen.storyboard;
			sourceTree = "<group>";
		};
/* End PBXVariantGroup section */

/* Begin XCBuildConfiguration section */
		198173BE295ED4D7005BB5DF /* Debug */ = {
			isa = XCBuildConfiguration;
			buildSettings = {
				ALWAYS_SEARCH_USER_PATHS = NO;
				CLANG_ANALYZER_NONNULL = YES;
				CLANG_ANALYZER_NUMBER_OBJECT_CONVERSION = YES_AGGRESSIVE;
				CLANG_CXX_LANGUAGE_STANDARD = "gnu++20";
				CLANG_ENABLE_MODULES = YES;
				CLANG_ENABLE_OBJC_ARC = YES;
				CLANG_ENABLE_OBJC_WEAK = YES;
				CLANG_WARN_BLOCK_CAPTURE_AUTORELEASING = YES;
				CLANG_WARN_BOOL_CONVERSION = YES;
				CLANG_WARN_COMMA = YES;
				CLANG_WARN_CONSTANT_CONVERSION = YES;
				CLANG_WARN_DEPRECATED_OBJC_IMPLEMENTATIONS = YES;
				CLANG_WARN_DIRECT_OBJC_ISA_USAGE = YES_ERROR;
				CLANG_WARN_DOCUMENTATION_COMMENTS = YES;
				CLANG_WARN_EMPTY_BODY = YES;
				CLANG_WARN_ENUM_CONVERSION = YES;
				CLANG_WARN_INFINITE_RECURSION = YES;
				CLANG_WARN_INT_CONVERSION = YES;
				CLANG_WARN_NON_LITERAL_NULL_CONVERSION = YES;
				CLANG_WARN_OBJC_IMPLICIT_RETAIN_SELF = YES;
				CLANG_WARN_OBJC_LITERAL_CONVERSION = YES;
				CLANG_WARN_OBJC_ROOT_CLASS = YES_ERROR;
				CLANG_WARN_QUOTED_INCLUDE_IN_FRAMEWORK_HEADER = YES;
				CLANG_WARN_RANGE_LOOP_ANALYSIS = YES;
				CLANG_WARN_STRICT_PROTOTYPES = YES;
				CLANG_WARN_SUSPICIOUS_MOVE = YES;
				CLANG_WARN_UNGUARDED_AVAILABILITY = YES_AGGRESSIVE;
				CLANG_WARN_UNREACHABLE_CODE = YES;
				CLANG_WARN__DUPLICATE_METHOD_MATCH = YES;
				COPY_PHASE_STRIP = NO;
				DEBUG_INFORMATION_FORMAT = dwarf;
				ENABLE_STRICT_OBJC_MSGSEND = YES;
				ENABLE_TESTABILITY = YES;
				GCC_C_LANGUAGE_STANDARD = gnu11;
				GCC_DYNAMIC_NO_PIC = NO;
				GCC_NO_COMMON_BLOCKS = YES;
				GCC_OPTIMIZATION_LEVEL = 0;
				GCC_PREPROCESSOR_DEFINITIONS = (
					"DEBUG=1",
					"$(inherited)",
				);
				GCC_WARN_64_TO_32_BIT_CONVERSION = YES;
				GCC_WARN_ABOUT_RETURN_TYPE = YES_ERROR;
				GCC_WARN_UNDECLARED_SELECTOR = YES;
				GCC_WARN_UNINITIALIZED_AUTOS = YES_AGGRESSIVE;
				GCC_WARN_UNUSED_FUNCTION = YES;
				GCC_WARN_UNUSED_VARIABLE = YES;
				IPHONEOS_DEPLOYMENT_TARGET = 16.2;
				MTL_ENABLE_DEBUG_INFO = INCLUDE_SOURCE;
				MTL_FAST_MATH = YES;
				ONLY_ACTIVE_ARCH = YES;
				SDKROOT = iphoneos;
				SWIFT_ACTIVE_COMPILATION_CONDITIONS = DEBUG;
				SWIFT_OPTIMIZATION_LEVEL = "-Onone";
			};
			name = Debug;
		};
		198173BF295ED4D7005BB5DF /* Release */ = {
			isa = XCBuildConfiguration;
			buildSettings = {
				ALWAYS_SEARCH_USER_PATHS = NO;
				CLANG_ANALYZER_NONNULL = YES;
				CLANG_ANALYZER_NUMBER_OBJECT_CONVERSION = YES_AGGRESSIVE;
				CLANG_CXX_LANGUAGE_STANDARD = "gnu++20";
				CLANG_ENABLE_MODULES = YES;
				CLANG_ENABLE_OBJC_ARC = YES;
				CLANG_ENABLE_OBJC_WEAK = YES;
				CLANG_WARN_BLOCK_CAPTURE_AUTORELEASING = YES;
				CLANG_WARN_BOOL_CONVERSION = YES;
				CLANG_WARN_COMMA = YES;
				CLANG_WARN_CONSTANT_CONVERSION = YES;
				CLANG_WARN_DEPRECATED_OBJC_IMPLEMENTATIONS = YES;
				CLANG_WARN_DIRECT_OBJC_ISA_USAGE = YES_ERROR;
				CLANG_WARN_DOCUMENTATION_COMMENTS = YES;
				CLANG_WARN_EMPTY_BODY = YES;
				CLANG_WARN_ENUM_CONVERSION = YES;
				CLANG_WARN_INFINITE_RECURSION = YES;
				CLANG_WARN_INT_CONVERSION = YES;
				CLANG_WARN_NON_LITERAL_NULL_CONVERSION = YES;
				CLANG_WARN_OBJC_IMPLICIT_RETAIN_SELF = YES;
				CLANG_WARN_OBJC_LITERAL_CONVERSION = YES;
				CLANG_WARN_OBJC_ROOT_CLASS = YES_ERROR;
				CLANG_WARN_QUOTED_INCLUDE_IN_FRAMEWORK_HEADER = YES;
				CLANG_WARN_RANGE_LOOP_ANALYSIS = YES;
				CLANG_WARN_STRICT_PROTOTYPES = YES;
				CLANG_WARN_SUSPICIOUS_MOVE = YES;
				CLANG_WARN_UNGUARDED_AVAILABILITY = YES_AGGRESSIVE;
				CLANG_WARN_UNREACHABLE_CODE = YES;
				CLANG_WARN__DUPLICATE_METHOD_MATCH = YES;
				COPY_PHASE_STRIP = NO;
				DEBUG_INFORMATION_FORMAT = "dwarf-with-dsym";
				ENABLE_NS_ASSERTIONS = NO;
				ENABLE_STRICT_OBJC_MSGSEND = YES;
				GCC_C_LANGUAGE_STANDARD = gnu11;
				GCC_NO_COMMON_BLOCKS = YES;
				GCC_WARN_64_TO_32_BIT_CONVERSION = YES;
				GCC_WARN_ABOUT_RETURN_TYPE = YES_ERROR;
				GCC_WARN_UNDECLARED_SELECTOR = YES;
				GCC_WARN_UNINITIALIZED_AUTOS = YES_AGGRESSIVE;
				GCC_WARN_UNUSED_FUNCTION = YES;
				GCC_WARN_UNUSED_VARIABLE = YES;
				IPHONEOS_DEPLOYMENT_TARGET = 16.2;
				MTL_ENABLE_DEBUG_INFO = NO;
				MTL_FAST_MATH = YES;
				SDKROOT = iphoneos;
				SWIFT_COMPILATION_MODE = wholemodule;
				SWIFT_OPTIMIZATION_LEVEL = "-O";
				VALIDATE_PRODUCT = YES;
			};
			name = Release;
		};
		198173C1295ED4D7005BB5DF /* Debug */ = {
			isa = XCBuildConfiguration;
			buildSettings = {
				ASSETCATALOG_COMPILER_APPICON_NAME = AppIcon;
				ASSETCATALOG_COMPILER_GLOBAL_ACCENT_COLOR_NAME = AccentColor;
				CODE_SIGN_STYLE = Automatic;
				CURRENT_PROJECT_VERSION = 1;
				DEVELOPMENT_TEAM = SXDD246B33;
				GENERATE_INFOPLIST_FILE = YES;
				INFOPLIST_FILE = iOSStoryboardsAndUIElements/Info.plist;
				INFOPLIST_KEY_UIApplicationSupportsIndirectInputEvents = YES;
				INFOPLIST_KEY_UILaunchStoryboardName = LaunchScreen;
				INFOPLIST_KEY_UIMainStoryboardFile = Main;
				INFOPLIST_KEY_UISupportedInterfaceOrientations_iPad = "UIInterfaceOrientationPortrait UIInterfaceOrientationPortraitUpsideDown UIInterfaceOrientationLandscapeLeft UIInterfaceOrientationLandscapeRight";
				INFOPLIST_KEY_UISupportedInterfaceOrientations_iPhone = "UIInterfaceOrientationPortrait UIInterfaceOrientationLandscapeLeft UIInterfaceOrientationLandscapeRight";
				LD_RUNPATH_SEARCH_PATHS = (
					"$(inherited)",
					"@executable_path/Frameworks",
				);
				MARKETING_VERSION = 1.0;
				PRODUCT_BUNDLE_IDENTIFIER = com.radi.kovachev.iOSStoryboardsAndUIElements;
				PRODUCT_NAME = "$(TARGET_NAME)";
				SWIFT_EMIT_LOC_STRINGS = YES;
				SWIFT_VERSION = 5.0;
				TARGETED_DEVICE_FAMILY = "1,2";
			};
			name = Debug;
		};
		198173C2295ED4D7005BB5DF /* Release */ = {
			isa = XCBuildConfiguration;
			buildSettings = {
				ASSETCATALOG_COMPILER_APPICON_NAME = AppIcon;
				ASSETCATALOG_COMPILER_GLOBAL_ACCENT_COLOR_NAME = AccentColor;
				CODE_SIGN_STYLE = Automatic;
				CURRENT_PROJECT_VERSION = 1;
				DEVELOPMENT_TEAM = SXDD246B33;
				GENERATE_INFOPLIST_FILE = YES;
				INFOPLIST_FILE = iOSStoryboardsAndUIElements/Info.plist;
				INFOPLIST_KEY_UIApplicationSupportsIndirectInputEvents = YES;
				INFOPLIST_KEY_UILaunchStoryboardName = LaunchScreen;
				INFOPLIST_KEY_UIMainStoryboardFile = Main;
				INFOPLIST_KEY_UISupportedInterfaceOrientations_iPad = "UIInterfaceOrientationPortrait UIInterfaceOrientationPortraitUpsideDown UIInterfaceOrientationLandscapeLeft UIInterfaceOrientationLandscapeRight";
				INFOPLIST_KEY_UISupportedInterfaceOrientations_iPhone = "UIInterfaceOrientationPortrait UIInterfaceOrientationLandscapeLeft UIInterfaceOrientationLandscapeRight";
				LD_RUNPATH_SEARCH_PATHS = (
					"$(inherited)",
					"@executable_path/Frameworks",
				);
				MARKETING_VERSION = 1.0;
				PRODUCT_BUNDLE_IDENTIFIER = com.radi.kovachev.iOSStoryboardsAndUIElements;
				PRODUCT_NAME = "$(TARGET_NAME)";
				SWIFT_EMIT_LOC_STRINGS = YES;
				SWIFT_VERSION = 5.0;
				TARGETED_DEVICE_FAMILY = "1,2";
			};
			name = Release;
		};
		198173C4295ED4D7005BB5DF /* Debug */ = {
			isa = XCBuildConfiguration;
			buildSettings = {
				ALWAYS_EMBED_SWIFT_STANDARD_LIBRARIES = YES;
				BUNDLE_LOADER = "$(TEST_HOST)";
				CODE_SIGN_STYLE = Automatic;
				CURRENT_PROJECT_VERSION = 1;
				DEVELOPMENT_TEAM = SXDD246B33;
				GENERATE_INFOPLIST_FILE = YES;
				IPHONEOS_DEPLOYMENT_TARGET = 16.2;
				MARKETING_VERSION = 1.0;
				PRODUCT_BUNDLE_IDENTIFIER = com.radi.kovachev.iOSStoryboardsAndUIElementsTests;
				PRODUCT_NAME = "$(TARGET_NAME)";
				SWIFT_EMIT_LOC_STRINGS = NO;
				SWIFT_VERSION = 5.0;
				TARGETED_DEVICE_FAMILY = "1,2";
				TEST_HOST = "$(BUILT_PRODUCTS_DIR)/iOSStoryboardsAndUIElements.app/$(BUNDLE_EXECUTABLE_FOLDER_PATH)/iOSStoryboardsAndUIElements";
			};
			name = Debug;
		};
		198173C5295ED4D7005BB5DF /* Release */ = {
			isa = XCBuildConfiguration;
			buildSettings = {
				ALWAYS_EMBED_SWIFT_STANDARD_LIBRARIES = YES;
				BUNDLE_LOADER = "$(TEST_HOST)";
				CODE_SIGN_STYLE = Automatic;
				CURRENT_PROJECT_VERSION = 1;
				DEVELOPMENT_TEAM = SXDD246B33;
				GENERATE_INFOPLIST_FILE = YES;
				IPHONEOS_DEPLOYMENT_TARGET = 16.2;
				MARKETING_VERSION = 1.0;
				PRODUCT_BUNDLE_IDENTIFIER = com.radi.kovachev.iOSStoryboardsAndUIElementsTests;
				PRODUCT_NAME = "$(TARGET_NAME)";
				SWIFT_EMIT_LOC_STRINGS = NO;
				SWIFT_VERSION = 5.0;
				TARGETED_DEVICE_FAMILY = "1,2";
				TEST_HOST = "$(BUILT_PRODUCTS_DIR)/iOSStoryboardsAndUIElements.app/$(BUNDLE_EXECUTABLE_FOLDER_PATH)/iOSStoryboardsAndUIElements";
			};
			name = Release;
		};
		198173C7295ED4D7005BB5DF /* Debug */ = {
			isa = XCBuildConfiguration;
			buildSettings = {
				ALWAYS_EMBED_SWIFT_STANDARD_LIBRARIES = YES;
				CODE_SIGN_STYLE = Automatic;
				CURRENT_PROJECT_VERSION = 1;
				DEVELOPMENT_TEAM = SXDD246B33;
				GENERATE_INFOPLIST_FILE = YES;
				MARKETING_VERSION = 1.0;
				PRODUCT_BUNDLE_IDENTIFIER = com.radi.kovachev.iOSStoryboardsAndUIElementsUITests;
				PRODUCT_NAME = "$(TARGET_NAME)";
				SWIFT_EMIT_LOC_STRINGS = NO;
				SWIFT_VERSION = 5.0;
				TARGETED_DEVICE_FAMILY = "1,2";
				TEST_TARGET_NAME = iOSStoryboardsAndUIElements;
			};
			name = Debug;
		};
		198173C8295ED4D7005BB5DF /* Release */ = {
			isa = XCBuildConfiguration;
			buildSettings = {
				ALWAYS_EMBED_SWIFT_STANDARD_LIBRARIES = YES;
				CODE_SIGN_STYLE = Automatic;
				CURRENT_PROJECT_VERSION = 1;
				DEVELOPMENT_TEAM = SXDD246B33;
				GENERATE_INFOPLIST_FILE = YES;
				MARKETING_VERSION = 1.0;
				PRODUCT_BUNDLE_IDENTIFIER = com.radi.kovachev.iOSStoryboardsAndUIElementsUITests;
				PRODUCT_NAME = "$(TARGET_NAME)";
				SWIFT_EMIT_LOC_STRINGS = NO;
				SWIFT_VERSION = 5.0;
				TARGETED_DEVICE_FAMILY = "1,2";
				TEST_TARGET_NAME = iOSStoryboardsAndUIElements;
			};
			name = Release;
		};
/* End XCBuildConfiguration section */

/* Begin XCConfigurationList section */
		19817391295ED4D2005BB5DF /* Build configuration list for PBXProject "iOSStoryboardsAndUIElements" */ = {
			isa = XCConfigurationList;
			buildConfigurations = (
				198173BE295ED4D7005BB5DF /* Debug */,
				198173BF295ED4D7005BB5DF /* Release */,
			);
			defaultConfigurationIsVisible = 0;
			defaultConfigurationName = Release;
		};
		198173C0295ED4D7005BB5DF /* Build configuration list for PBXNativeTarget "iOSStoryboardsAndUIElements" */ = {
			isa = XCConfigurationList;
			buildConfigurations = (
				198173C1295ED4D7005BB5DF /* Debug */,
				198173C2295ED4D7005BB5DF /* Release */,
			);
			defaultConfigurationIsVisible = 0;
			defaultConfigurationName = Release;
		};
		198173C3295ED4D7005BB5DF /* Build configuration list for PBXNativeTarget "iOSStoryboardsAndUIElementsTests" */ = {
			isa = XCConfigurationList;
			buildConfigurations = (
				198173C4295ED4D7005BB5DF /* Debug */,
				198173C5295ED4D7005BB5DF /* Release */,
			);
			defaultConfigurationIsVisible = 0;
			defaultConfigurationName = Release;
		};
		198173C6295ED4D7005BB5DF /* Build configuration list for PBXNativeTarget "iOSStoryboardsAndUIElementsUITests" */ = {
			isa = XCConfigurationList;
			buildConfigurations = (
				198173C7295ED4D7005BB5DF /* Debug */,
				198173C8295ED4D7005BB5DF /* Release */,
			);
			defaultConfigurationIsVisible = 0;
			defaultConfigurationName = Release;
		};
/* End XCConfigurationList section */
	};
	rootObject = 1981738E295ED4D2005BB5DF /* Project object */;
}
